
Microsoft Visual Studio Solution File, Format Version 12.00
# Visual Studio Version 16
VisualStudioVersion = 16.0.32228.343
MinimumVisualStudioVersion = 10.0.40219.1
Project("{FAE04EC0-301F-11D3-BF4B-00C04F79EFBC}") = "InstaFinalProject.Api", "InstaFinalProject.Api\InstaFinalProject.Api.csproj", "{C1D472CF-35C7-47F9-93FB-2EDC7BC50D76}"
EndProject
Project("{FAE04EC0-301F-11D3-BF4B-00C04F79EFBC}") = "Core", "Core\Core.csproj", "{18BDB25C-B5EF-4058-993F-D8C06FD85CAB}"
EndProject
Project("{FAE04EC0-301F-11D3-BF4B-00C04F79EFBC}") = "Infra", "Infra\Infra.csproj", "{68267117-8153-47F9-A5AC-C6F3C1A601AB}"
EndProject
Global
	GlobalSection(SolutionConfigurationPlatforms) = preSolution
		Debug|Any CPU = Debug|Any CPU
		Release|Any CPU = Release|Any CPU
	EndGlobalSection
	GlobalSection(ProjectConfigurationPlatforms) = postSolution
		{C1D472CF-35C7-47F9-93FB-2EDC7BC50D76}.Debug|Any CPU.ActiveCfg = Debug|Any CPU
		{C1D472CF-35C7-47F9-93FB-2EDC7BC50D76}.Debug|Any CPU.Build.0 = Debug|Any CPU
		{C1D472CF-35C7-47F9-93FB-2EDC7BC50D76}.Release|Any CPU.ActiveCfg = Release|Any CPU
		{C1D472CF-35C7-47F9-93FB-2EDC7BC50D76}.Release|Any CPU.Build.0 = Release|Any CPU
		{18BDB25C-B5EF-4058-993F-D8C06FD85CAB}.Debug|Any CPU.ActiveCfg = Debug|Any CPU
		{18BDB25C-B5EF-4058-993F-D8C06FD85CAB}.Debug|Any CPU.Build.0 = Debug|Any CPU
		{18BDB25C-B5EF-4058-993F-D8C06FD85CAB}.Release|Any CPU.ActiveCfg = Release|Any CPU
		{18BDB25C-B5EF-4058-993F-D8C06FD85CAB}.Release|Any CPU.Build.0 = Release|Any CPU
		{68267117-8153-47F9-A5AC-C6F3C1A601AB}.Debug|Any CPU.ActiveCfg = Debug|Any CPU
		{68267117-8153-47F9-A5AC-C6F3C1A601AB}.Debug|Any CPU.Build.0 = Debug|Any CPU
		{68267117-8153-47F9-A5AC-C6F3C1A601AB}.Release|Any CPU.ActiveCfg = Release|Any CPU
		{68267117-8153-47F9-A5AC-C6F3C1A601AB}.Release|Any CPU.Build.0 = Release|Any CPU
	EndGlobalSection
	GlobalSection(SolutionProperties) = preSolution
		HideSolutionNode = FALSE
	EndGlobalSection
	GlobalSection(ExtensibilityGlobals) = postSolution
		SolutionGuid = {DD0CD4E2-944B-42FD-8496-B3EC172E70B6}
	EndGlobalSection
EndGlobal
